
Microsoft Visual Studio Solution File, Format Version 12.00
# Visual Studio Version 17
VisualStudioVersion = 17.8.34525.116
MinimumVisualStudioVersion = 10.0.40219.1
Project("{FAE04EC0-301F-11D3-BF4B-00C04F79EFBC}") = "Tfl.Dynamic.Observation.Plugins", "Tfl.Dynamic.Observation.Plugins\Tfl.Dynamic.Observation.Plugins.csproj", "{D610DDFA-1A3B-459B-9B58-86777A23B37F}"
EndProject
Project("{FAE04EC0-301F-11D3-BF4B-00C04F79EFBC}") = "Tfl.Dynamic.Observation.WebResoureces", "Tfl.Dynamic.Observation.WebResoureces\Tfl.Dynamic.Observation.WebResoureces.csproj", "{4E754B53-FBB6-4565-A314-61E16ED48202}"
EndProject
Global
	GlobalSection(SolutionConfigurationPlatforms) = preSolution
		Debug|Any CPU = Debug|Any CPU
		Release|Any CPU = Release|Any CPU
	EndGlobalSection
	GlobalSection(ProjectConfigurationPlatforms) = postSolution
		{D610DDFA-1A3B-459B-9B58-86777A23B37F}.Debug|Any CPU.ActiveCfg = Debug|Any CPU
		{D610DDFA-1A3B-459B-9B58-86777A23B37F}.Debug|Any CPU.Build.0 = Debug|Any CPU
		{D610DDFA-1A3B-459B-9B58-86777A23B37F}.Release|Any CPU.ActiveCfg = Release|Any CPU
		{D610DDFA-1A3B-459B-9B58-86777A23B37F}.Release|Any CPU.Build.0 = Release|Any CPU
		{4E754B53-FBB6-4565-A314-61E16ED48202}.Debug|Any CPU.ActiveCfg = Debug|Any CPU
		{4E754B53-FBB6-4565-A314-61E16ED48202}.Debug|Any CPU.Build.0 = Debug|Any CPU
		{4E754B53-FBB6-4565-A314-61E16ED48202}.Release|Any CPU.ActiveCfg = Release|Any CPU
		{4E754B53-FBB6-4565-A314-61E16ED48202}.Release|Any CPU.Build.0 = Release|Any CPU
	EndGlobalSection
	GlobalSection(SolutionProperties) = preSolution
		HideSolutionNode = FALSE
	EndGlobalSection
	GlobalSection(ExtensibilityGlobals) = postSolution
		SolutionGuid = {1BA39656-2122-4EDC-833B-DA188FAEA2C3}
	EndGlobalSection
EndGlobal
